
Microsoft Visual Studio Solution File, Format Version 12.00
# Visual Studio Version 17
VisualStudioVersion = 17.2.32526.322
MinimumVisualStudioVersion = 10.0.40219.1
Project("{FAE04EC0-301F-11D3-BF4B-00C04F79EFBC}") = "EmailSender", "EmailSender.csproj", "{1E9BD89E-DA90-48B2-967F-4F63AD90435F}"
EndProject
Global
	GlobalSection(SolutionConfigurationPlatforms) = preSolution
		Debug|Any CPU = Debug|Any CPU
		Release|Any CPU = Release|Any CPU
	EndGlobalSection
	GlobalSection(ProjectConfigurationPlatforms) = postSolution
		{1E9BD89E-DA90-48B2-967F-4F63AD90435F}.Debug|Any CPU.ActiveCfg = Debug|Any CPU
		{1E9BD89E-DA90-48B2-967F-4F63AD90435F}.Debug|Any CPU.Build.0 = Debug|Any CPU
		{1E9BD89E-DA90-48B2-967F-4F63AD90435F}.Release|Any CPU.ActiveCfg = Release|Any CPU
		{1E9BD89E-DA90-48B2-967F-4F63AD90435F}.Release|Any CPU.Build.0 = Release|Any CPU
	EndGlobalSection
	GlobalSection(SolutionProperties) = preSolution
		HideSolutionNode = FALSE
	EndGlobalSection
	GlobalSection(ExtensibilityGlobals) = postSolution
		SolutionGuid = {EA3D58BC-AA60-45D0-A60F-0CA420DDF22A}
	EndGlobalSection
EndGlobal
